
Microsoft Visual Studio Solution File, Format Version 12.00
# Visual Studio Version 17
VisualStudioVersion = 17.8.34316.72
MinimumVisualStudioVersion = 10.0.40219.1
Project("{FAE04EC0-301F-11D3-BF4B-00C04F79EFBC}") = "ecommerce", "ecommerce.csproj", "{00ED6EED-4903-4282-8061-A4BFD223E578}"
EndProject
Global
	GlobalSection(SolutionConfigurationPlatforms) = preSolution
		Debug|Any CPU = Debug|Any CPU
		Release|Any CPU = Release|Any CPU
	EndGlobalSection
	GlobalSection(ProjectConfigurationPlatforms) = postSolution
		{00ED6EED-4903-4282-8061-A4BFD223E578}.Debug|Any CPU.ActiveCfg = Debug|Any CPU
		{00ED6EED-4903-4282-8061-A4BFD223E578}.Debug|Any CPU.Build.0 = Debug|Any CPU
		{00ED6EED-4903-4282-8061-A4BFD223E578}.Release|Any CPU.ActiveCfg = Release|Any CPU
		{00ED6EED-4903-4282-8061-A4BFD223E578}.Release|Any CPU.Build.0 = Release|Any CPU
	EndGlobalSection
	GlobalSection(SolutionProperties) = preSolution
		HideSolutionNode = FALSE
	EndGlobalSection
	GlobalSection(ExtensibilityGlobals) = postSolution
		SolutionGuid = {A7F965BA-7BDB-4B0D-938F-7E126CBEA6AB}
	EndGlobalSection
EndGlobal
